
Microsoft Visual Studio Solution File, Format Version 12.00
# Visual Studio Version 16
VisualStudioVersion = 16.0.31205.134
MinimumVisualStudioVersion = 10.0.40219.1
Project("{8BC9CEB8-8B4A-11D0-8D11-00A0C91BC942}") = "TestProgram", "TestProgram.vcxproj", "{B4DCE18A-BB68-463A-80A3-FCFDB910751E}"
EndProject
Global
	GlobalSection(SolutionConfigurationPlatforms) = preSolution
		Debug|x64 = Debug|x64
		Debug|x86 = Debug|x86
		Release|x64 = Release|x64
		Release|x86 = Release|x86
	EndGlobalSection
	GlobalSection(ProjectConfigurationPlatforms) = postSolution
		{B4DCE18A-BB68-463A-80A3-FCFDB910751E}.Debug|x64.ActiveCfg = Debug|x64
		{B4DCE18A-BB68-463A-80A3-FCFDB910751E}.Debug|x64.Build.0 = Debug|x64
		{B4DCE18A-BB68-463A-80A3-FCFDB910751E}.Debug|x86.ActiveCfg = Debug|Win32
		{B4DCE18A-BB68-463A-80A3-FCFDB910751E}.Debug|x86.Build.0 = Debug|Win32
		{B4DCE18A-BB68-463A-80A3-FCFDB910751E}.Release|x64.ActiveCfg = Release|x64
		{B4DCE18A-BB68-463A-80A3-FCFDB910751E}.Release|x64.Build.0 = Release|x64
		{B4DCE18A-BB68-463A-80A3-FCFDB910751E}.Release|x86.ActiveCfg = Release|Win32
		{B4DCE18A-BB68-463A-80A3-FCFDB910751E}.Release|x86.Build.0 = Release|Win32
	EndGlobalSection
	GlobalSection(SolutionProperties) = preSolution
		HideSolutionNode = FALSE
	EndGlobalSection
	GlobalSection(ExtensibilityGlobals) = postSolution
		SolutionGuid = {27068D2E-3DF6-451B-8C33-6798A70238BD}
	EndGlobalSection
EndGlobal
